{
  "version": 4,
  "terraform_version": "1.0.5",
  "serial": 69,
  "lineage": "12821111-1bac-df3e-2428-54ea7e7d5322",
  "outputs": {},
  "resources": [
    {
      "mode": "managed",
      "type": "google_compute_network",
      "name": "vpc_network",
      "provider": "provider[\"registry.terraform.io/hashicorp/google\"]",
      "instances": [
        {
          "schema_version": 0,
          "attributes": {
            "auto_create_subnetworks": false,
            "delete_default_routes_on_create": false,
            "description": "",
            "gateway_ipv4": "",
            "id": "projects/terraform-training-318910/global/networks/omar-vpc-network",
            "mtu": 1460,
            "name": "omar-vpc-network",
            "project": "terraform-training-318910",
            "routing_mode": "REGIONAL",
            "self_link": "https://www.googleapis.com/compute/v1/projects/terraform-training-318910/global/networks/omar-vpc-network",
            "timeouts": null
          },
          "sensitive_attributes": [],
          "private": "eyJlMmJmYjczMC1lY2FhLTExZTYtOGY4OC0zNDM2M2JjN2M0YzAiOnsiY3JlYXRlIjoyNDAwMDAwMDAwMDAsImRlbGV0ZSI6MjQwMDAwMDAwMDAwLCJ1cGRhdGUiOjI0MDAwMDAwMDAwMH19"
        }
      ]
    },
    {
      "mode": "managed",
      "type": "google_compute_subnetwork",
      "name": "master-gke",
      "provider": "provider[\"registry.terraform.io/hashicorp/google\"]",
      "instances": [
        {
          "schema_version": 0,
          "attributes": {
            "creation_timestamp": "2021-09-08T04:33:50.902-07:00",
            "description": "",
            "fingerprint": null,
            "gateway_address": "10.10.0.1",
            "id": "projects/terraform-training-318910/regions/europe-west2/subnetworks/omar-master-gke",
            "ip_cidr_range": "10.10.0.0/28",
            "log_config": [],
            "name": "omar-master-gke",
            "network": "https://www.googleapis.com/compute/v1/projects/terraform-training-318910/global/networks/omar-vpc-network",
            "private_ip_google_access": false,
            "project": "terraform-training-318910",
            "region": "europe-west2",
            "secondary_ip_range": [],
            "self_link": "https://www.googleapis.com/compute/v1/projects/terraform-training-318910/regions/europe-west2/subnetworks/omar-master-gke",
            "timeouts": null
          },
          "sensitive_attributes": [],
          "private": "eyJlMmJmYjczMC1lY2FhLTExZTYtOGY4OC0zNDM2M2JjN2M0YzAiOnsiY3JlYXRlIjozNjAwMDAwMDAwMDAsImRlbGV0ZSI6MzYwMDAwMDAwMDAwLCJ1cGRhdGUiOjM2MDAwMDAwMDAwMH19",
          "dependencies": [
            "google_compute_network.vpc_network"
          ]
        }
      ]
    },
    {
      "mode": "managed",
      "type": "google_compute_subnetwork",
      "name": "nodes",
      "provider": "provider[\"registry.terraform.io/hashicorp/google\"]",
      "instances": [
        {
          "schema_version": 0,
          "attributes": {
            "creation_timestamp": "2021-09-08T04:33:50.700-07:00",
            "description": "",
            "fingerprint": null,
            "gateway_address": "10.2.0.1",
            "id": "projects/terraform-training-318910/regions/europe-west2/subnetworks/omar-subnet-nodes",
            "ip_cidr_range": "10.2.0.0/28",
            "log_config": [],
            "name": "omar-subnet-nodes",
            "network": "https://www.googleapis.com/compute/v1/projects/terraform-training-318910/global/networks/omar-vpc-network",
            "private_ip_google_access": false,
            "project": "terraform-training-318910",
            "region": "europe-west2",
            "secondary_ip_range": [
              {
                "ip_cidr_range": "192.168.10.0/28",
                "range_name": "secondary-ip-range-services"
              },
              {
                "ip_cidr_range": "192.168.11.0/28",
                "range_name": "secondary-ip-range-pods"
              }
            ],
            "self_link": "https://www.googleapis.com/compute/v1/projects/terraform-training-318910/regions/europe-west2/subnetworks/omar-subnet-nodes",
            "timeouts": null
          },
          "sensitive_attributes": [],
          "private": "eyJlMmJmYjczMC1lY2FhLTExZTYtOGY4OC0zNDM2M2JjN2M0YzAiOnsiY3JlYXRlIjozNjAwMDAwMDAwMDAsImRlbGV0ZSI6MzYwMDAwMDAwMDAwLCJ1cGRhdGUiOjM2MDAwMDAwMDAwMH19",
          "dependencies": [
            "google_compute_network.vpc_network"
          ]
        }
      ]
    },
    {
      "mode": "managed",
      "type": "google_container_cluster",
      "name": "primary",
      "provider": "provider[\"registry.terraform.io/hashicorp/google\"]",
      "instances": [
        {
          "schema_version": 1,
          "attributes": {
            "addons_config": [
              {
                "cloudrun_config": [],
                "horizontal_pod_autoscaling": [],
                "http_load_balancing": [],
                "network_policy_config": [
                  {
                    "disabled": true
                  }
                ]
              }
            ],
            "authenticator_groups_config": [],
            "cluster_autoscaling": [
              {
                "auto_provisioning_defaults": [],
                "enabled": false,
                "resource_limits": []
              }
            ],
            "cluster_ipv4_cidr": "10.244.0.0/14",
            "database_encryption": [
              {
                "key_name": "",
                "state": "DECRYPTED"
              }
            ],
            "default_max_pods_per_node": null,
            "description": "",
            "enable_binary_authorization": false,
            "enable_intranode_visibility": null,
            "enable_kubernetes_alpha": false,
            "enable_legacy_abac": false,
            "enable_shielded_nodes": false,
            "enable_tpu": null,
            "endpoint": "35.246.71.91",
            "id": "projects/terraform-training-318910/locations/europe-west2/clusters/terraform-training-318910-gke",
            "initial_node_count": 1,
            "instance_group_urls": [],
            "ip_allocation_policy": [],
            "label_fingerprint": "a9dc16a7",
            "location": "europe-west2",
            "logging_service": "logging.googleapis.com/kubernetes",
            "maintenance_policy": [],
            "master_auth": [
              {
                "client_certificate": "",
                "client_certificate_config": [
                  {
                    "issue_client_certificate": false
                  }
                ],
                "client_key": "",
                "cluster_ca_certificate": "LS0tLS1CRUdJTiBDRVJUSUZJQ0FURS0tLS0tCk1JSURLakNDQWhLZ0F3SUJBZ0lRVGIwNzdRaU1vcG5wRFI4N1RlY21tREFOQmdrcWhraUc5dzBCQVFzRkFEQXYKTVMwd0t3WURWUVFERXlSaE5XWXdZelEzTnkwMU1XUmpMVFF6TkRNdE9XTmlOUzFtT0RaalpESmtNVGMxTkRjdwpIaGNOTWpFd09UQTRNVEF6TnpVeVdoY05Nall3T1RBM01URXpOelV5V2pBdk1TMHdLd1lEVlFRREV5UmhOV1l3Cll6UTNOeTAxTVdSakxUUXpORE10T1dOaU5TMW1PRFpqWkRKa01UYzFORGN3Z2dFaU1BMEdDU3FHU0liM0RRRUIKQVFVQUE0SUJEd0F3Z2dFS0FvSUJBUURlNThDd2c1MEVVUjk4S0VHUDZ2ejRBazdWcllCMkdvY0dIalJ0blNLRgpIdkNNZFZqcXljd2YxanRlcFVCZnVpazh4dWk3ajFCbHBYcmNMZ29kSWdBQ3NZYzV0djcyRmJaRGpnSyt6OEpICjBKaG1yTEo0VVk1aXNGalgrcEpiWHlZYUpzNmtPblNNNzZCMnplckFRaTdoVW1YbnZFMmptS3pvWDF0RStRVHMKWHRERGJGQmZxcTd3VXlWRVh0VUR0VzRuMDQyTURUQnpiT2p4Q3hnTDFOcEhjRnZiZ29SVFZ2dE11K2VNRk1IRQpqSERFUk9YK2JMbUlKRmg1UnQyQ04zSktheUoxQ0RpaCs2b0JUa3gzWG8wMFl4M3BDcStVRW9CSmNoZGlsbmx3Cmw1bVBPOTFFcUNoMURKc0NLcUsrUHlWcjlDdXF3SzhZYkJRVzI0M0tINnNsQWdNQkFBR2pRakJBTUE0R0ExVWQKRHdFQi93UUVBd0lDQkRBUEJnTlZIUk1CQWY4RUJUQURBUUgvTUIwR0ExVWREZ1FXQkJRZXR3aUlxS0hDREZnRQpZSVhwdjMrV1Vvb2FKekFOQmdrcWhraUc5dzBCQVFzRkFBT0NBUUVBQ0phMXQzL2R3TTBjSHFRVy9sODRjbDA0CmhtbjJ6Y2N6VUdVUEo2ZUxQZUs4SXBTMmNKaXR5bDQ3b1BtQ2cxdXhjMXJRdU1aU3IxWWNyMkErdUgvSDMwdHIKQ3NabkNXcWNrVnh1OWw0Wi80MGZ2SW50MXp3N1RpVTJ4YitSTlhuNDZaREpiY2RXWEVaZTNIeGwxam5YV05JVQo0cVVvaVJmclNoeTdnc0pJSDY3Y2lkU2NqcDlvOHZYZFJvbUozL2d3TVhRZUpGY0ZVZm1SMnFoNnlFTldhdStlCjBpL1FNYXVXVVpMVHVyUDlsYmc1Z05MdjdCOHJvMG8xSDNKL2N3dWVCRXVDZWRTNnBYZEJjbDM5MmJoUlZGczIKQzJVZzl6bE1OblNZWHR2eVFiWHpIczhhQkd3emFZKzJOcldNOXhTWW5kaEMzem1hdVBlcmlTTS9qVFVNS2c9PQotLS0tLUVORCBDRVJUSUZJQ0FURS0tLS0tCg==",
                "password": "",
                "username": ""
              }
            ],
            "master_authorized_networks_config": [],
            "master_version": "1.20.8-gke.2100",
            "min_master_version": null,
            "monitoring_service": "monitoring.googleapis.com/kubernetes",
            "name": "terraform-training-318910-gke",
            "network": "projects/terraform-training-318910/global/networks/omar-vpc-network",
            "network_policy": [
              {
                "enabled": false,
                "provider": "PROVIDER_UNSPECIFIED"
              }
            ],
            "node_config": [],
            "node_locations": [
              "europe-west2-a",
              "europe-west2-b",
              "europe-west2-c"
            ],
            "node_pool": [],
            "node_version": "1.20.8-gke.2100",
            "operation": null,
            "pod_security_policy_config": [],
            "private_cluster_config": [],
            "project": "terraform-training-318910",
            "release_channel": [
              {
                "channel": "REGULAR"
              }
            ],
            "remove_default_node_pool": true,
            "resource_labels": null,
            "resource_usage_export_config": [],
            "self_link": "https://container.googleapis.com/v1beta1/projects/terraform-training-318910/locations/europe-west2/clusters/terraform-training-318910-gke",
            "services_ipv4_cidr": "10.247.240.0/20",
            "subnetwork": "projects/terraform-training-318910/regions/europe-west2/subnetworks/omar-master-gke",
            "timeouts": null,
            "vertical_pod_autoscaling": [],
            "workload_identity_config": []
          },
          "sensitive_attributes": [],
          "private": "eyJlMmJmYjczMC1lY2FhLTExZTYtOGY4OC0zNDM2M2JjN2M0YzAiOnsiY3JlYXRlIjoyNDAwMDAwMDAwMDAwLCJkZWxldGUiOjI0MDAwMDAwMDAwMDAsInJlYWQiOjI0MDAwMDAwMDAwMDAsInVwZGF0ZSI6MzYwMDAwMDAwMDAwMH0sInNjaGVtYV92ZXJzaW9uIjoiMSJ9",
          "dependencies": [
            "google_compute_network.vpc_network",
            "google_compute_subnetwork.master-gke"
          ]
        }
      ]
    }
  ]
}
